// !$*UTF8*$!
{
	archiveVersion = 1;
	classes = {
	};
	objectVersion = 56;
	objects = {

/* Begin PBXBuildFile section */
		A9B933C22A20C4B0005CDBF9 /* DemoApp.swift in Sources */ = {isa = PBXBuildFile; fileRef = A9B933C12A20C4B0005CDBF9 /* DemoApp.swift */; };
		A9B933C42A20C4B0005CDBF9 /* DemoDocument.swift in Sources */ = {isa = PBXBuildFile; fileRef = A9B933C32A20C4B0005CDBF9 /* DemoDocument.swift */; };
		A9B933C62A20C4B0005CDBF9 /* ContentView.swift in Sources */ = {isa = PBXBuildFile; fileRef = A9B933C52A20C4B0005CDBF9 /* ContentView.swift */; };
		A9B933C82A20C4B1005CDBF9 /* Assets.xcassets in Resources */ = {isa = PBXBuildFile; fileRef = A9B933C72A20C4B1005CDBF9 /* Assets.xcassets */; };
		A9B933CB2A20C4B1005CDBF9 /* Preview Assets.xcassets in Resources */ = {isa = PBXBuildFile; fileRef = A9B933CA2A20C4B1005CDBF9 /* Preview Assets.xcassets */; };
		A9B933D72A20C4FD005CDBF9 /* DemoModal.swift in Sources */ = {isa = PBXBuildFile; fileRef = A9B933D62A20C4FD005CDBF9 /* DemoModal.swift */; };
		A9B933DA2A20C619005CDBF9 /* DocumentKit in Frameworks */ = {isa = PBXBuildFile; productRef = A9B933D92A20C619005CDBF9 /* DocumentKit */; };
		A9B933DC2A20C640005CDBF9 /* DemoOnboardingScreen.swift in Sources */ = {isa = PBXBuildFile; fileRef = A9B933DB2A20C640005CDBF9 /* DemoOnboardingScreen.swift */; };
		A9D06F542A20C7270078D61F /* DemoCloseButton.swift in Sources */ = {isa = PBXBuildFile; fileRef = A9D06F532A20C7270078D61F /* DemoCloseButton.swift */; };
		A9D06F562A20EC950078D61F /* DemoSettingsScreen.swift in Sources */ = {isa = PBXBuildFile; fileRef = A9D06F552A20EC950078D61F /* DemoSettingsScreen.swift */; };
/* End PBXBuildFile section */

/* Begin PBXFileReference section */
		A9B933BE2A20C4B0005CDBF9 /* Demo.app */ = {isa = PBXFileReference; explicitFileType = wrapper.application; includeInIndex = 0; path = Demo.app; sourceTree = BUILT_PRODUCTS_DIR; };
		A9B933C12A20C4B0005CDBF9 /* DemoApp.swift */ = {isa = PBXFileReference; lastKnownFileType = sourcecode.swift; path = DemoApp.swift; sourceTree = "<group>"; };
		A9B933C32A20C4B0005CDBF9 /* DemoDocument.swift */ = {isa = PBXFileReference; lastKnownFileType = sourcecode.swift; path = DemoDocument.swift; sourceTree = "<group>"; };
		A9B933C52A20C4B0005CDBF9 /* ContentView.swift */ = {isa = PBXFileReference; lastKnownFileType = sourcecode.swift; path = ContentView.swift; sourceTree = "<group>"; };
		A9B933C72A20C4B1005CDBF9 /* Assets.xcassets */ = {isa = PBXFileReference; lastKnownFileType = folder.assetcatalog; path = Assets.xcassets; sourceTree = "<group>"; };
		A9B933CA2A20C4B1005CDBF9 /* Preview Assets.xcassets */ = {isa = PBXFileReference; lastKnownFileType = folder.assetcatalog; path = "Preview Assets.xcassets"; sourceTree = "<group>"; };
		A9B933CC2A20C4B1005CDBF9 /* Info.plist */ = {isa = PBXFileReference; lastKnownFileType = text.plist.xml; path = Info.plist; sourceTree = "<group>"; };
		A9B933D32A20C4BD005CDBF9 /* documentkit */ = {isa = PBXFileReference; lastKnownFileType = wrapper; name = documentkit; path = ..; sourceTree = "<group>"; };
		A9B933D62A20C4FD005CDBF9 /* DemoModal.swift */ = {isa = PBXFileReference; lastKnownFileType = sourcecode.swift; path = DemoModal.swift; sourceTree = "<group>"; };
		A9B933DB2A20C640005CDBF9 /* DemoOnboardingScreen.swift */ = {isa = PBXFileReference; lastKnownFileType = sourcecode.swift; path = DemoOnboardingScreen.swift; sourceTree = "<group>"; };
		A9D06F532A20C7270078D61F /* DemoCloseButton.swift */ = {isa = PBXFileReference; lastKnownFileType = sourcecode.swift; path = DemoCloseButton.swift; sourceTree = "<group>"; };
		A9D06F552A20EC950078D61F /* DemoSettingsScreen.swift */ = {isa = PBXFileReference; fileEncoding = 4; lastKnownFileType = sourcecode.swift; path = DemoSettingsScreen.swift; sourceTree = "<group>"; };
/* End PBXFileReference section */

/* Begin PBXFrameworksBuildPhase section */
		A9B933BB2A20C4B0005CDBF9 /* Frameworks */ = {
			isa = PBXFrameworksBuildPhase;
			buildActionMask = 2147483647;
			files = (
				A9B933DA2A20C619005CDBF9 /* DocumentKit in Frameworks */,
			);
			runOnlyForDeploymentPostprocessing = 0;
		};
/* End PBXFrameworksBuildPhase section */

/* Begin PBXGroup section */
		A9B933B52A20C4B0005CDBF9 = {
			isa = PBXGroup;
			children = (
				A9B933D22A20C4BD005CDBF9 /* Packages */,
				A9B933C02A20C4B0005CDBF9 /* Demo */,
				A9B933BF2A20C4B0005CDBF9 /* Products */,
				A9B933D82A20C619005CDBF9 /* Frameworks */,
			);
			sourceTree = "<group>";
		};
		A9B933BF2A20C4B0005CDBF9 /* Products */ = {
			isa = PBXGroup;
			children = (
				A9B933BE2A20C4B0005CDBF9 /* Demo.app */,
			);
			name = Products;
			sourceTree = "<group>";
		};
		A9B933C02A20C4B0005CDBF9 /* Demo */ = {
			isa = PBXGroup;
			children = (
				A9B933C52A20C4B0005CDBF9 /* ContentView.swift */,
				A9B933C12A20C4B0005CDBF9 /* DemoApp.swift */,
				A9B933C32A20C4B0005CDBF9 /* DemoDocument.swift */,
				A9B933D62A20C4FD005CDBF9 /* DemoModal.swift */,
				A9B933DB2A20C640005CDBF9 /* DemoOnboardingScreen.swift */,
				A9D06F552A20EC950078D61F /* DemoSettingsScreen.swift */,
				A9D06F532A20C7270078D61F /* DemoCloseButton.swift */,
				A9B933C72A20C4B1005CDBF9 /* Assets.xcassets */,
				A9B933CC2A20C4B1005CDBF9 /* Info.plist */,
				A9B933C92A20C4B1005CDBF9 /* Preview Content */,
			);
			path = Demo;
			sourceTree = "<group>";
		};
		A9B933C92A20C4B1005CDBF9 /* Preview Content */ = {
			isa = PBXGroup;
			children = (
				A9B933CA2A20C4B1005CDBF9 /* Preview Assets.xcassets */,
			);
			path = "Preview Content";
			sourceTree = "<group>";
		};
		A9B933D22A20C4BD005CDBF9 /* Packages */ = {
			isa = PBXGroup;
			children = (
				A9B933D32A20C4BD005CDBF9 /* documentkit */,
			);
			name = Packages;
			sourceTree = "<group>";
		};
		A9B933D82A20C619005CDBF9 /* Frameworks */ = {
			isa = PBXGroup;
			children = (
			);
			name = Frameworks;
			sourceTree = "<group>";
		};
/* End PBXGroup section */

/* Begin PBXNativeTarget section */
		A9B933BD2A20C4B0005CDBF9 /* Demo */ = {
			isa = PBXNativeTarget;
			buildConfigurationList = A9B933CF2A20C4B1005CDBF9 /* Build configuration list for PBXNativeTarget "Demo" */;
			buildPhases = (
				A9B933BA2A20C4B0005CDBF9 /* Sources */,
				A9B933BB2A20C4B0005CDBF9 /* Frameworks */,
				A9B933BC2A20C4B0005CDBF9 /* Resources */,
			);
			buildRules = (
			);
			dependencies = (
			);
			name = Demo;
			packageProductDependencies = (
				A9B933D92A20C619005CDBF9 /* DocumentKit */,
			);
			productName = Demo;
			productReference = A9B933BE2A20C4B0005CDBF9 /* Demo.app */;
			productType = "com.apple.product-type.application";
		};
/* End PBXNativeTarget section */

/* Begin PBXProject section */
		A9B933B62A20C4B0005CDBF9 /* Project object */ = {
			isa = PBXProject;
			attributes = {
				BuildIndependentTargetsInParallel = 1;
				LastSwiftUpdateCheck = 1430;
				LastUpgradeCheck = 1430;
				ORGANIZATIONNAME = "Daniel Saidi";
				TargetAttributes = {
					A9B933BD2A20C4B0005CDBF9 = {
						CreatedOnToolsVersion = 14.3;
					};
				};
			};
			buildConfigurationList = A9B933B92A20C4B0005CDBF9 /* Build configuration list for PBXProject "Demo" */;
			compatibilityVersion = "Xcode 14.0";
			developmentRegion = en;
			hasScannedForEncodings = 0;
			knownRegions = (
				en,
				Base,
			);
			mainGroup = A9B933B52A20C4B0005CDBF9;
			productRefGroup = A9B933BF2A20C4B0005CDBF9 /* Products */;
			projectDirPath = "";
			projectRoot = "";
			targets = (
				A9B933BD2A20C4B0005CDBF9 /* Demo */,
			);
		};
/* End PBXProject section */

/* Begin PBXResourcesBuildPhase section */
		A9B933BC2A20C4B0005CDBF9 /* Resources */ = {
			isa = PBXResourcesBuildPhase;
			buildActionMask = 2147483647;
			files = (
				A9B933CB2A20C4B1005CDBF9 /* Preview Assets.xcassets in Resources */,
				A9B933C82A20C4B1005CDBF9 /* Assets.xcassets in Resources */,
			);
			runOnlyForDeploymentPostprocessing = 0;
		};
/* End PBXResourcesBuildPhase section */

/* Begin PBXSourcesBuildPhase section */
		A9B933BA2A20C4B0005CDBF9 /* Sources */ = {
			isa = PBXSourcesBuildPhase;
			buildActionMask = 2147483647;
			files = (
				A9D06F542A20C7270078D61F /* DemoCloseButton.swift in Sources */,
				A9B933C22A20C4B0005CDBF9 /* DemoApp.swift in Sources */,
				A9B933C42A20C4B0005CDBF9 /* DemoDocument.swift in Sources */,
				A9D06F562A20EC950078D61F /* DemoSettingsScreen.swift in Sources */,
				A9B933D72A20C4FD005CDBF9 /* DemoModal.swift in Sources */,
				A9B933DC2A20C640005CDBF9 /* DemoOnboardingScreen.swift in Sources */,
				A9B933C62A20C4B0005CDBF9 /* ContentView.swift in Sources */,
			);
			runOnlyForDeploymentPostprocessing = 0;
		};
/* End PBXSourcesBuildPhase section */

/* Begin XCBuildConfiguration section */
		A9B933CD2A20C4B1005CDBF9 /* Debug */ = {
			isa = XCBuildConfiguration;
			buildSettings = {
				ALWAYS_SEARCH_USER_PATHS = NO;
				CLANG_ANALYZER_NONNULL = YES;
				CLANG_ANALYZER_NUMBER_OBJECT_CONVERSION = YES_AGGRESSIVE;
				CLANG_CXX_LANGUAGE_STANDARD = "gnu++20";
				CLANG_ENABLE_MODULES = YES;
				CLANG_ENABLE_OBJC_ARC = YES;
				CLANG_ENABLE_OBJC_WEAK = YES;
				CLANG_WARN_BLOCK_CAPTURE_AUTORELEASING = YES;
				CLANG_WARN_BOOL_CONVERSION = YES;
				CLANG_WARN_COMMA = YES;
				CLANG_WARN_CONSTANT_CONVERSION = YES;
				CLANG_WARN_DEPRECATED_OBJC_IMPLEMENTATIONS = YES;
				CLANG_WARN_DIRECT_OBJC_ISA_USAGE = YES_ERROR;
				CLANG_WARN_DOCUMENTATION_COMMENTS = YES;
				CLANG_WARN_EMPTY_BODY = YES;
				CLANG_WARN_ENUM_CONVERSION = YES;
				CLANG_WARN_INFINITE_RECURSION = YES;
				CLANG_WARN_INT_CONVERSION = YES;
				CLANG_WARN_NON_LITERAL_NULL_CONVERSION = YES;
				CLANG_WARN_OBJC_IMPLICIT_RETAIN_SELF = YES;
				CLANG_WARN_OBJC_LITERAL_CONVERSION = YES;
				CLANG_WARN_OBJC_ROOT_CLASS = YES_ERROR;
				CLANG_WARN_QUOTED_INCLUDE_IN_FRAMEWORK_HEADER = YES;
				CLANG_WARN_RANGE_LOOP_ANALYSIS = YES;
				CLANG_WARN_STRICT_PROTOTYPES = YES;
				CLANG_WARN_SUSPICIOUS_MOVE = YES;
				CLANG_WARN_UNGUARDED_AVAILABILITY = YES_AGGRESSIVE;
				CLANG_WARN_UNREACHABLE_CODE = YES;
				CLANG_WARN__DUPLICATE_METHOD_MATCH = YES;
				COPY_PHASE_STRIP = NO;
				DEBUG_INFORMATION_FORMAT = dwarf;
				ENABLE_STRICT_OBJC_MSGSEND = YES;
				ENABLE_TESTABILITY = YES;
				GCC_C_LANGUAGE_STANDARD = gnu11;
				GCC_DYNAMIC_NO_PIC = NO;
				GCC_NO_COMMON_BLOCKS = YES;
				GCC_OPTIMIZATION_LEVEL = 0;
				GCC_PREPROCESSOR_DEFINITIONS = (
					"DEBUG=1",
					"$(inherited)",
				);
				GCC_WARN_64_TO_32_BIT_CONVERSION = YES;
				GCC_WARN_ABOUT_RETURN_TYPE = YES_ERROR;
				GCC_WARN_UNDECLARED_SELECTOR = YES;
				GCC_WARN_UNINITIALIZED_AUTOS = YES_AGGRESSIVE;
				GCC_WARN_UNUSED_FUNCTION = YES;
				GCC_WARN_UNUSED_VARIABLE = YES;
				IPHONEOS_DEPLOYMENT_TARGET = 16.4;
				MTL_ENABLE_DEBUG_INFO = INCLUDE_SOURCE;
				MTL_FAST_MATH = YES;
				ONLY_ACTIVE_ARCH = YES;
				SDKROOT = iphoneos;
				SWIFT_ACTIVE_COMPILATION_CONDITIONS = DEBUG;
				SWIFT_OPTIMIZATION_LEVEL = "-Onone";
			};
			name = Debug;
		};
		A9B933CE2A20C4B1005CDBF9 /* Release */ = {
			isa = XCBuildConfiguration;
			buildSettings = {
				ALWAYS_SEARCH_USER_PATHS = NO;
				CLANG_ANALYZER_NONNULL = YES;
				CLANG_ANALYZER_NUMBER_OBJECT_CONVERSION = YES_AGGRESSIVE;
				CLANG_CXX_LANGUAGE_STANDARD = "gnu++20";
				CLANG_ENABLE_MODULES = YES;
				CLANG_ENABLE_OBJC_ARC = YES;
				CLANG_ENABLE_OBJC_WEAK = YES;
				CLANG_WARN_BLOCK_CAPTURE_AUTORELEASING = YES;
				CLANG_WARN_BOOL_CONVERSION = YES;
				CLANG_WARN_COMMA = YES;
				CLANG_WARN_CONSTANT_CONVERSION = YES;
				CLANG_WARN_DEPRECATED_OBJC_IMPLEMENTATIONS = YES;
				CLANG_WARN_DIRECT_OBJC_ISA_USAGE = YES_ERROR;
				CLANG_WARN_DOCUMENTATION_COMMENTS = YES;
				CLANG_WARN_EMPTY_BODY = YES;
				CLANG_WARN_ENUM_CONVERSION = YES;
				CLANG_WARN_INFINITE_RECURSION = YES;
				CLANG_WARN_INT_CONVERSION = YES;
				CLANG_WARN_NON_LITERAL_NULL_CONVERSION = YES;
				CLANG_WARN_OBJC_IMPLICIT_RETAIN_SELF = YES;
				CLANG_WARN_OBJC_LITERAL_CONVERSION = YES;
				CLANG_WARN_OBJC_ROOT_CLASS = YES_ERROR;
				CLANG_WARN_QUOTED_INCLUDE_IN_FRAMEWORK_HEADER = YES;
				CLANG_WARN_RANGE_LOOP_ANALYSIS = YES;
				CLANG_WARN_STRICT_PROTOTYPES = YES;
				CLANG_WARN_SUSPICIOUS_MOVE = YES;
				CLANG_WARN_UNGUARDED_AVAILABILITY = YES_AGGRESSIVE;
				CLANG_WARN_UNREACHABLE_CODE = YES;
				CLANG_WARN__DUPLICATE_METHOD_MATCH = YES;
				COPY_PHASE_STRIP = NO;
				DEBUG_INFORMATION_FORMAT = "dwarf-with-dsym";
				ENABLE_NS_ASSERTIONS = NO;
				ENABLE_STRICT_OBJC_MSGSEND = YES;
				GCC_C_LANGUAGE_STANDARD = gnu11;
				GCC_NO_COMMON_BLOCKS = YES;
				GCC_WARN_64_TO_32_BIT_CONVERSION = YES;
				GCC_WARN_ABOUT_RETURN_TYPE = YES_ERROR;
				GCC_WARN_UNDECLARED_SELECTOR = YES;
				GCC_WARN_UNINITIALIZED_AUTOS = YES_AGGRESSIVE;
				GCC_WARN_UNUSED_FUNCTION = YES;
				GCC_WARN_UNUSED_VARIABLE = YES;
				IPHONEOS_DEPLOYMENT_TARGET = 16.4;
				MTL_ENABLE_DEBUG_INFO = NO;
				MTL_FAST_MATH = YES;
				SDKROOT = iphoneos;
				SWIFT_COMPILATION_MODE = wholemodule;
				SWIFT_OPTIMIZATION_LEVEL = "-O";
				VALIDATE_PRODUCT = YES;
			};
			name = Release;
		};
		A9B933D02A20C4B1005CDBF9 /* Debug */ = {
			isa = XCBuildConfiguration;
			buildSettings = {
				ASSETCATALOG_COMPILER_APPICON_NAME = AppIcon;
				ASSETCATALOG_COMPILER_GLOBAL_ACCENT_COLOR_NAME = AccentColor;
				CODE_SIGN_STYLE = Automatic;
				CURRENT_PROJECT_VERSION = 1;
				DEVELOPMENT_ASSET_PATHS = "\"Demo/Preview Content\"";
				DEVELOPMENT_TEAM = PMEDFW438U;
				ENABLE_PREVIEWS = YES;
				GENERATE_INFOPLIST_FILE = YES;
				INFOPLIST_FILE = Demo/Info.plist;
				INFOPLIST_KEY_UIApplicationSceneManifest_Generation = YES;
				INFOPLIST_KEY_UIApplicationSupportsIndirectInputEvents = YES;
				INFOPLIST_KEY_UILaunchScreen_Generation = YES;
				INFOPLIST_KEY_UISupportedInterfaceOrientations_iPad = "UIInterfaceOrientationPortrait UIInterfaceOrientationPortraitUpsideDown UIInterfaceOrientationLandscapeLeft UIInterfaceOrientationLandscapeRight";
				INFOPLIST_KEY_UISupportedInterfaceOrientations_iPhone = "UIInterfaceOrientationPortrait UIInterfaceOrientationLandscapeLeft UIInterfaceOrientationLandscapeRight";
				INFOPLIST_KEY_UISupportsDocumentBrowser = YES;
				LD_RUNPATH_SEARCH_PATHS = (
					"$(inherited)",
					"@executable_path/Frameworks",
				);
				MARKETING_VERSION = 1.0;
				PRODUCT_BUNDLE_IDENTIFIER = com.danielsaidi.documentkit.Demo;
				PRODUCT_NAME = "$(TARGET_NAME)";
				SWIFT_EMIT_LOC_STRINGS = YES;
				SWIFT_VERSION = 5.0;
				TARGETED_DEVICE_FAMILY = "1,2";
			};
			name = Debug;
		};
		A9B933D12A20C4B1005CDBF9 /* Release */ = {
			isa = XCBuildConfiguration;
			buildSettings = {
				ASSETCATALOG_COMPILER_APPICON_NAME = AppIcon;
				ASSETCATALOG_COMPILER_GLOBAL_ACCENT_COLOR_NAME = AccentColor;
				CODE_SIGN_STYLE = Automatic;
				CURRENT_PROJECT_VERSION = 1;
				DEVELOPMENT_ASSET_PATHS = "\"Demo/Preview Content\"";
				DEVELOPMENT_TEAM = PMEDFW438U;
				ENABLE_PREVIEWS = YES;
				GENERATE_INFOPLIST_FILE = YES;
				INFOPLIST_FILE = Demo/Info.plist;
				INFOPLIST_KEY_UIApplicationSceneManifest_Generation = YES;
				INFOPLIST_KEY_UIApplicationSupportsIndirectInputEvents = YES;
				INFOPLIST_KEY_UILaunchScreen_Generation = YES;
				INFOPLIST_KEY_UISupportedInterfaceOrientations_iPad = "UIInterfaceOrientationPortrait UIInterfaceOrientationPortraitUpsideDown UIInterfaceOrientationLandscapeLeft UIInterfaceOrientationLandscapeRight";
				INFOPLIST_KEY_UISupportedInterfaceOrientations_iPhone = "UIInterfaceOrientationPortrait UIInterfaceOrientationLandscapeLeft UIInterfaceOrientationLandscapeRight";
				INFOPLIST_KEY_UISupportsDocumentBrowser = YES;
				LD_RUNPATH_SEARCH_PATHS = (
					"$(inherited)",
					"@executable_path/Frameworks",
				);
				MARKETING_VERSION = 1.0;
				PRODUCT_BUNDLE_IDENTIFIER = com.danielsaidi.documentkit.Demo;
				PRODUCT_NAME = "$(TARGET_NAME)";
				SWIFT_EMIT_LOC_STRINGS = YES;
				SWIFT_VERSION = 5.0;
				TARGETED_DEVICE_FAMILY = "1,2";
			};
			name = Release;
		};
/* End XCBuildConfiguration section */

/* Begin XCConfigurationList section */
		A9B933B92A20C4B0005CDBF9 /* Build configuration list for PBXProject "Demo" */ = {
			isa = XCConfigurationList;
			buildConfigurations = (
				A9B933CD2A20C4B1005CDBF9 /* Debug */,
				A9B933CE2A20C4B1005CDBF9 /* Release */,
			);
			defaultConfigurationIsVisible = 0;
			defaultConfigurationName = Release;
		};
		A9B933CF2A20C4B1005CDBF9 /* Build configuration list for PBXNativeTarget "Demo" */ = {
			isa = XCConfigurationList;
			buildConfigurations = (
				A9B933D02A20C4B1005CDBF9 /* Debug */,
				A9B933D12A20C4B1005CDBF9 /* Release */,
			);
			defaultConfigurationIsVisible = 0;
			defaultConfigurationName = Release;
		};
/* End XCConfigurationList section */

/* Begin XCSwiftPackageProductDependency section */
		A9B933D92A20C619005CDBF9 /* DocumentKit */ = {
			isa = XCSwiftPackageProductDependency;
			productName = DocumentKit;
		};
/* End XCSwiftPackageProductDependency section */
	};
	rootObject = A9B933B62A20C4B0005CDBF9 /* Project object */;
}
